
Microsoft Visual Studio Solution File, Format Version 12.00
# Visual Studio Version 17
VisualStudioVersion = 17.14.36212.18 d17.14
MinimumVisualStudioVersion = 10.0.40219.1
Project("{FAE04EC0-301F-11D3-BF4B-00C04F79EFBC}") = "WebApiSystemControlAccess", "WebApiSystemControlAccess.csproj", "{45053A38-B62D-4DB9-90FA-28CCDEF4AD81}"
EndProject
Global
	GlobalSection(SolutionConfigurationPlatforms) = preSolution
		Debug|Any CPU = Debug|Any CPU
		Release|Any CPU = Release|Any CPU
	EndGlobalSection
	GlobalSection(ProjectConfigurationPlatforms) = postSolution
		{45053A38-B62D-4DB9-90FA-28CCDEF4AD81}.Debug|Any CPU.ActiveCfg = Debug|Any CPU
		{45053A38-B62D-4DB9-90FA-28CCDEF4AD81}.Debug|Any CPU.Build.0 = Debug|Any CPU
		{45053A38-B62D-4DB9-90FA-28CCDEF4AD81}.Release|Any CPU.ActiveCfg = Release|Any CPU
		{45053A38-B62D-4DB9-90FA-28CCDEF4AD81}.Release|Any CPU.Build.0 = Release|Any CPU
	EndGlobalSection
	GlobalSection(SolutionProperties) = preSolution
		HideSolutionNode = FALSE
	EndGlobalSection
	GlobalSection(ExtensibilityGlobals) = postSolution
		SolutionGuid = {AB6A1D37-66CE-44B5-9127-22D01E0D37CE}
	EndGlobalSection
EndGlobal
